// !$*UTF8*$!
{
	archiveVersion = 1;
	classes = {
	};
	objectVersion = 50;
	objects = {

/* Begin PBXBuildFile section */
		3D107D4B2521D6AC0088DE7E /* KEDappApp.swift in Sources */ = {isa = PBXBuildFile; fileRef = 3D107D4A2521D6AC0088DE7E /* KEDappApp.swift */; };
		3D107D4D2521D6AC0088DE7E /* ContentView.swift in Sources */ = {isa = PBXBuildFile; fileRef = 3D107D4C2521D6AC0088DE7E /* ContentView.swift */; };
		3D107D4F2521D6AE0088DE7E /* Assets.xcassets in Resources */ = {isa = PBXBuildFile; fileRef = 3D107D4E2521D6AE0088DE7E /* Assets.xcassets */; };
		3D107D522521D6AE0088DE7E /* Preview Assets.xcassets in Resources */ = {isa = PBXBuildFile; fileRef = 3D107D512521D6AE0088DE7E /* Preview Assets.xcassets */; };
		3D107D612521D8890088DE7E /* WidgetKit.framework in Frameworks */ = {isa = PBXBuildFile; fileRef = 3D107D602521D8890088DE7E /* WidgetKit.framework */; };
		3D107D632521D8890088DE7E /* SwiftUI.framework in Frameworks */ = {isa = PBXBuildFile; fileRef = 3D107D622521D8890088DE7E /* SwiftUI.framework */; };
		3D107D662521D8890088DE7E /* superWidget.swift in Sources */ = {isa = PBXBuildFile; fileRef = 3D107D652521D8890088DE7E /* superWidget.swift */; };
		3D107D682521D88A0088DE7E /* Assets.xcassets in Resources */ = {isa = PBXBuildFile; fileRef = 3D107D672521D88A0088DE7E /* Assets.xcassets */; };
		3D107D6C2521D88A0088DE7E /* superWidgetExtension.appex in Embed App Extensions */ = {isa = PBXBuildFile; fileRef = 3D107D5E2521D8890088DE7E /* superWidgetExtension.appex */; settings = {ATTRIBUTES = (RemoveHeadersOnCopy, ); }; };
		3D107D792521EC770088DE7E /* Pokemon.swift in Sources */ = {isa = PBXBuildFile; fileRef = 3D107D732521EBD40088DE7E /* Pokemon.swift */; };
		3D31855B25236B7500D74A47 /* EntryFactory.swift in Sources */ = {isa = PBXBuildFile; fileRef = 3D31855325236B0400D74A47 /* EntryFactory.swift */; };
		3D31856225236B7900D74A47 /* ApiService.swift in Sources */ = {isa = PBXBuildFile; fileRef = 3D31855725236B1A00D74A47 /* ApiService.swift */; };
		3DC7C57A25236E5F00A4FD0B /* intents.intentdefinition in Sources */ = {isa = PBXBuildFile; fileRef = 3DC7C57925236E5F00A4FD0B /* intents.intentdefinition */; settings = {ATTRIBUTES = (codegen, ); }; };
/* End PBXBuildFile section */

/* Begin PBXContainerItemProxy section */
		3D107D6A2521D88A0088DE7E /* PBXContainerItemProxy */ = {
			isa = PBXContainerItemProxy;
			containerPortal = 3D107D3F2521D6AC0088DE7E /* Project object */;
			proxyType = 1;
			remoteGlobalIDString = 3D107D5D2521D8890088DE7E;
			remoteInfo = superWidgetExtension;
		};
/* End PBXContainerItemProxy section */

/* Begin PBXCopyFilesBuildPhase section */
		3D107D702521D88A0088DE7E /* Embed App Extensions */ = {
			isa = PBXCopyFilesBuildPhase;
			buildActionMask = 2147483647;
			dstPath = "";
			dstSubfolderSpec = 13;
			files = (
				3D107D6C2521D88A0088DE7E /* superWidgetExtension.appex in Embed App Extensions */,
			);
			name = "Embed App Extensions";
			runOnlyForDeploymentPostprocessing = 0;
		};
/* End PBXCopyFilesBuildPhase section */

/* Begin PBXFileReference section */
		3D107D472521D6AC0088DE7E /* KEDapp.app */ = {isa = PBXFileReference; explicitFileType = wrapper.application; includeInIndex = 0; path = KEDapp.app; sourceTree = BUILT_PRODUCTS_DIR; };
		3D107D4A2521D6AC0088DE7E /* KEDappApp.swift */ = {isa = PBXFileReference; lastKnownFileType = sourcecode.swift; path = KEDappApp.swift; sourceTree = "<group>"; };
		3D107D4C2521D6AC0088DE7E /* ContentView.swift */ = {isa = PBXFileReference; lastKnownFileType = sourcecode.swift; path = ContentView.swift; sourceTree = "<group>"; };
		3D107D4E2521D6AE0088DE7E /* Assets.xcassets */ = {isa = PBXFileReference; lastKnownFileType = folder.assetcatalog; path = Assets.xcassets; sourceTree = "<group>"; };
		3D107D512521D6AE0088DE7E /* Preview Assets.xcassets */ = {isa = PBXFileReference; lastKnownFileType = folder.assetcatalog; path = "Preview Assets.xcassets"; sourceTree = "<group>"; };
		3D107D532521D6AE0088DE7E /* Info.plist */ = {isa = PBXFileReference; lastKnownFileType = text.plist.xml; path = Info.plist; sourceTree = "<group>"; };
		3D107D5E2521D8890088DE7E /* superWidgetExtension.appex */ = {isa = PBXFileReference; explicitFileType = "wrapper.app-extension"; includeInIndex = 0; path = superWidgetExtension.appex; sourceTree = BUILT_PRODUCTS_DIR; };
		3D107D602521D8890088DE7E /* WidgetKit.framework */ = {isa = PBXFileReference; lastKnownFileType = wrapper.framework; name = WidgetKit.framework; path = System/Library/Frameworks/WidgetKit.framework; sourceTree = SDKROOT; };
		3D107D622521D8890088DE7E /* SwiftUI.framework */ = {isa = PBXFileReference; lastKnownFileType = wrapper.framework; name = SwiftUI.framework; path = System/Library/Frameworks/SwiftUI.framework; sourceTree = SDKROOT; };
		3D107D652521D8890088DE7E /* superWidget.swift */ = {isa = PBXFileReference; lastKnownFileType = sourcecode.swift; path = superWidget.swift; sourceTree = "<group>"; };
		3D107D672521D88A0088DE7E /* Assets.xcassets */ = {isa = PBXFileReference; lastKnownFileType = folder.assetcatalog; path = Assets.xcassets; sourceTree = "<group>"; };
		3D107D692521D88A0088DE7E /* Info.plist */ = {isa = PBXFileReference; lastKnownFileType = text.plist.xml; path = Info.plist; sourceTree = "<group>"; };
		3D107D732521EBD40088DE7E /* Pokemon.swift */ = {isa = PBXFileReference; lastKnownFileType = sourcecode.swift; path = Pokemon.swift; sourceTree = "<group>"; };
		3D31855325236B0400D74A47 /* EntryFactory.swift */ = {isa = PBXFileReference; lastKnownFileType = sourcecode.swift; path = EntryFactory.swift; sourceTree = "<group>"; };
		3D31855725236B1A00D74A47 /* ApiService.swift */ = {isa = PBXFileReference; lastKnownFileType = sourcecode.swift; path = ApiService.swift; sourceTree = "<group>"; };
		3DC7C57925236E5F00A4FD0B /* intents.intentdefinition */ = {isa = PBXFileReference; lastKnownFileType = file.intentdefinition; path = intents.intentdefinition; sourceTree = "<group>"; };
/* End PBXFileReference section */

/* Begin PBXFrameworksBuildPhase section */
		3D107D442521D6AC0088DE7E /* Frameworks */ = {
			isa = PBXFrameworksBuildPhase;
			buildActionMask = 2147483647;
			files = (
			);
			runOnlyForDeploymentPostprocessing = 0;
		};
		3D107D5B2521D8890088DE7E /* Frameworks */ = {
			isa = PBXFrameworksBuildPhase;
			buildActionMask = 2147483647;
			files = (
				3D107D632521D8890088DE7E /* SwiftUI.framework in Frameworks */,
				3D107D612521D8890088DE7E /* WidgetKit.framework in Frameworks */,
			);
			runOnlyForDeploymentPostprocessing = 0;
		};
/* End PBXFrameworksBuildPhase section */

/* Begin PBXGroup section */
		3D107D3E2521D6AC0088DE7E = {
			isa = PBXGroup;
			children = (
				3D107D492521D6AC0088DE7E /* KEDapp */,
				3D107D642521D8890088DE7E /* superWidget */,
				3D107D5F2521D8890088DE7E /* Frameworks */,
				3D107D482521D6AC0088DE7E /* Products */,
			);
			sourceTree = "<group>";
		};
		3D107D482521D6AC0088DE7E /* Products */ = {
			isa = PBXGroup;
			children = (
				3D107D472521D6AC0088DE7E /* KEDapp.app */,
				3D107D5E2521D8890088DE7E /* superWidgetExtension.appex */,
			);
			name = Products;
			sourceTree = "<group>";
		};
		3D107D492521D6AC0088DE7E /* KEDapp */ = {
			isa = PBXGroup;
			children = (
				3D107D4A2521D6AC0088DE7E /* KEDappApp.swift */,
				3D107D4C2521D6AC0088DE7E /* ContentView.swift */,
				3D107D4E2521D6AE0088DE7E /* Assets.xcassets */,
				3D107D532521D6AE0088DE7E /* Info.plist */,
				3D107D502521D6AE0088DE7E /* Preview Content */,
			);
			path = KEDapp;
			sourceTree = "<group>";
		};
		3D107D502521D6AE0088DE7E /* Preview Content */ = {
			isa = PBXGroup;
			children = (
				3D107D512521D6AE0088DE7E /* Preview Assets.xcassets */,
			);
			path = "Preview Content";
			sourceTree = "<group>";
		};
		3D107D5F2521D8890088DE7E /* Frameworks */ = {
			isa = PBXGroup;
			children = (
				3D107D602521D8890088DE7E /* WidgetKit.framework */,
				3D107D622521D8890088DE7E /* SwiftUI.framework */,
			);
			name = Frameworks;
			sourceTree = "<group>";
		};
		3D107D642521D8890088DE7E /* superWidget */ = {
			isa = PBXGroup;
			children = (
				3D107D652521D8890088DE7E /* superWidget.swift */,
				3D31855325236B0400D74A47 /* EntryFactory.swift */,
				3D31855725236B1A00D74A47 /* ApiService.swift */,
				3D107D732521EBD40088DE7E /* Pokemon.swift */,
				3D107D672521D88A0088DE7E /* Assets.xcassets */,
				3D107D692521D88A0088DE7E /* Info.plist */,
				3DC7C57925236E5F00A4FD0B /* intents.intentdefinition */,
			);
			path = superWidget;
			sourceTree = "<group>";
		};
/* End PBXGroup section */

/* Begin PBXNativeTarget section */
		3D107D462521D6AC0088DE7E /* KEDapp */ = {
			isa = PBXNativeTarget;
			buildConfigurationList = 3D107D562521D6AE0088DE7E /* Build configuration list for PBXNativeTarget "KEDapp" */;
			buildPhases = (
				3D107D432521D6AC0088DE7E /* Sources */,
				3D107D442521D6AC0088DE7E /* Frameworks */,
				3D107D452521D6AC0088DE7E /* Resources */,
				3D107D702521D88A0088DE7E /* Embed App Extensions */,
			);
			buildRules = (
			);
			dependencies = (
				3D107D6B2521D88A0088DE7E /* PBXTargetDependency */,
			);
			name = KEDapp;
			productName = KEDapp;
			productReference = 3D107D472521D6AC0088DE7E /* KEDapp.app */;
			productType = "com.apple.product-type.application";
		};
		3D107D5D2521D8890088DE7E /* superWidgetExtension */ = {
			isa = PBXNativeTarget;
			buildConfigurationList = 3D107D6D2521D88A0088DE7E /* Build configuration list for PBXNativeTarget "superWidgetExtension" */;
			buildPhases = (
				3D107D5A2521D8890088DE7E /* Sources */,
				3D107D5B2521D8890088DE7E /* Frameworks */,
				3D107D5C2521D8890088DE7E /* Resources */,
			);
			buildRules = (
			);
			dependencies = (
			);
			name = superWidgetExtension;
			productName = superWidgetExtension;
			productReference = 3D107D5E2521D8890088DE7E /* superWidgetExtension.appex */;
			productType = "com.apple.product-type.app-extension";
		};
/* End PBXNativeTarget section */

/* Begin PBXProject section */
		3D107D3F2521D6AC0088DE7E /* Project object */ = {
			isa = PBXProject;
			attributes = {
				LastSwiftUpdateCheck = 1200;
				LastUpgradeCheck = 1200;
				TargetAttributes = {
					3D107D462521D6AC0088DE7E = {
						CreatedOnToolsVersion = 12.0;
					};
					3D107D5D2521D8890088DE7E = {
						CreatedOnToolsVersion = 12.0;
					};
				};
			};
			buildConfigurationList = 3D107D422521D6AC0088DE7E /* Build configuration list for PBXProject "KEDapp" */;
			compatibilityVersion = "Xcode 9.3";
			developmentRegion = en;
			hasScannedForEncodings = 0;
			knownRegions = (
				en,
				Base,
			);
			mainGroup = 3D107D3E2521D6AC0088DE7E;
			productRefGroup = 3D107D482521D6AC0088DE7E /* Products */;
			projectDirPath = "";
			projectRoot = "";
			targets = (
				3D107D462521D6AC0088DE7E /* KEDapp */,
				3D107D5D2521D8890088DE7E /* superWidgetExtension */,
			);
		};
/* End PBXProject section */

/* Begin PBXResourcesBuildPhase section */
		3D107D452521D6AC0088DE7E /* Resources */ = {
			isa = PBXResourcesBuildPhase;
			buildActionMask = 2147483647;
			files = (
				3D107D522521D6AE0088DE7E /* Preview Assets.xcassets in Resources */,
				3D107D4F2521D6AE0088DE7E /* Assets.xcassets in Resources */,
			);
			runOnlyForDeploymentPostprocessing = 0;
		};
		3D107D5C2521D8890088DE7E /* Resources */ = {
			isa = PBXResourcesBuildPhase;
			buildActionMask = 2147483647;
			files = (
				3D107D682521D88A0088DE7E /* Assets.xcassets in Resources */,
			);
			runOnlyForDeploymentPostprocessing = 0;
		};
/* End PBXResourcesBuildPhase section */

/* Begin PBXSourcesBuildPhase section */
		3D107D432521D6AC0088DE7E /* Sources */ = {
			isa = PBXSourcesBuildPhase;
			buildActionMask = 2147483647;
			files = (
				3D107D4D2521D6AC0088DE7E /* ContentView.swift in Sources */,
				3D107D4B2521D6AC0088DE7E /* KEDappApp.swift in Sources */,
			);
			runOnlyForDeploymentPostprocessing = 0;
		};
		3D107D5A2521D8890088DE7E /* Sources */ = {
			isa = PBXSourcesBuildPhase;
			buildActionMask = 2147483647;
			files = (
				3D31855B25236B7500D74A47 /* EntryFactory.swift in Sources */,
				3D107D662521D8890088DE7E /* superWidget.swift in Sources */,
				3D31856225236B7900D74A47 /* ApiService.swift in Sources */,
				3D107D792521EC770088DE7E /* Pokemon.swift in Sources */,
				3DC7C57A25236E5F00A4FD0B /* intents.intentdefinition in Sources */,
			);
			runOnlyForDeploymentPostprocessing = 0;
		};
/* End PBXSourcesBuildPhase section */

/* Begin PBXTargetDependency section */
		3D107D6B2521D88A0088DE7E /* PBXTargetDependency */ = {
			isa = PBXTargetDependency;
			target = 3D107D5D2521D8890088DE7E /* superWidgetExtension */;
			targetProxy = 3D107D6A2521D88A0088DE7E /* PBXContainerItemProxy */;
		};
/* End PBXTargetDependency section */

/* Begin XCBuildConfiguration section */
		3D107D542521D6AE0088DE7E /* Debug */ = {
			isa = XCBuildConfiguration;
			buildSettings = {
				ALWAYS_SEARCH_USER_PATHS = NO;
				CLANG_ANALYZER_NONNULL = YES;
				CLANG_ANALYZER_NUMBER_OBJECT_CONVERSION = YES_AGGRESSIVE;
				CLANG_CXX_LANGUAGE_STANDARD = "gnu++14";
				CLANG_CXX_LIBRARY = "libc++";
				CLANG_ENABLE_MODULES = YES;
				CLANG_ENABLE_OBJC_ARC = YES;
				CLANG_ENABLE_OBJC_WEAK = YES;
				CLANG_WARN_BLOCK_CAPTURE_AUTORELEASING = YES;
				CLANG_WARN_BOOL_CONVERSION = YES;
				CLANG_WARN_COMMA = YES;
				CLANG_WARN_CONSTANT_CONVERSION = YES;
				CLANG_WARN_DEPRECATED_OBJC_IMPLEMENTATIONS = YES;
				CLANG_WARN_DIRECT_OBJC_ISA_USAGE = YES_ERROR;
				CLANG_WARN_DOCUMENTATION_COMMENTS = YES;
				CLANG_WARN_EMPTY_BODY = YES;
				CLANG_WARN_ENUM_CONVERSION = YES;
				CLANG_WARN_INFINITE_RECURSION = YES;
				CLANG_WARN_INT_CONVERSION = YES;
				CLANG_WARN_NON_LITERAL_NULL_CONVERSION = YES;
				CLANG_WARN_OBJC_IMPLICIT_RETAIN_SELF = YES;
				CLANG_WARN_OBJC_LITERAL_CONVERSION = YES;
				CLANG_WARN_OBJC_ROOT_CLASS = YES_ERROR;
				CLANG_WARN_QUOTED_INCLUDE_IN_FRAMEWORK_HEADER = YES;
				CLANG_WARN_RANGE_LOOP_ANALYSIS = YES;
				CLANG_WARN_STRICT_PROTOTYPES = YES;
				CLANG_WARN_SUSPICIOUS_MOVE = YES;
				CLANG_WARN_UNGUARDED_AVAILABILITY = YES_AGGRESSIVE;
				CLANG_WARN_UNREACHABLE_CODE = YES;
				CLANG_WARN__DUPLICATE_METHOD_MATCH = YES;
				COPY_PHASE_STRIP = NO;
				DEBUG_INFORMATION_FORMAT = dwarf;
				ENABLE_STRICT_OBJC_MSGSEND = YES;
				ENABLE_TESTABILITY = YES;
				GCC_C_LANGUAGE_STANDARD = gnu11;
				GCC_DYNAMIC_NO_PIC = NO;
				GCC_NO_COMMON_BLOCKS = YES;
				GCC_OPTIMIZATION_LEVEL = 0;
				GCC_PREPROCESSOR_DEFINITIONS = (
					"DEBUG=1",
					"$(inherited)",
				);
				GCC_WARN_64_TO_32_BIT_CONVERSION = YES;
				GCC_WARN_ABOUT_RETURN_TYPE = YES_ERROR;
				GCC_WARN_UNDECLARED_SELECTOR = YES;
				GCC_WARN_UNINITIALIZED_AUTOS = YES_AGGRESSIVE;
				GCC_WARN_UNUSED_FUNCTION = YES;
				GCC_WARN_UNUSED_VARIABLE = YES;
				IPHONEOS_DEPLOYMENT_TARGET = 14.0;
				MTL_ENABLE_DEBUG_INFO = INCLUDE_SOURCE;
				MTL_FAST_MATH = YES;
				ONLY_ACTIVE_ARCH = YES;
				SDKROOT = iphoneos;
				SWIFT_ACTIVE_COMPILATION_CONDITIONS = DEBUG;
				SWIFT_OPTIMIZATION_LEVEL = "-Onone";
			};
			name = Debug;
		};
		3D107D552521D6AE0088DE7E /* Release */ = {
			isa = XCBuildConfiguration;
			buildSettings = {
				ALWAYS_SEARCH_USER_PATHS = NO;
				CLANG_ANALYZER_NONNULL = YES;
				CLANG_ANALYZER_NUMBER_OBJECT_CONVERSION = YES_AGGRESSIVE;
				CLANG_CXX_LANGUAGE_STANDARD = "gnu++14";
				CLANG_CXX_LIBRARY = "libc++";
				CLANG_ENABLE_MODULES = YES;
				CLANG_ENABLE_OBJC_ARC = YES;
				CLANG_ENABLE_OBJC_WEAK = YES;
				CLANG_WARN_BLOCK_CAPTURE_AUTORELEASING = YES;
				CLANG_WARN_BOOL_CONVERSION = YES;
				CLANG_WARN_COMMA = YES;
				CLANG_WARN_CONSTANT_CONVERSION = YES;
				CLANG_WARN_DEPRECATED_OBJC_IMPLEMENTATIONS = YES;
				CLANG_WARN_DIRECT_OBJC_ISA_USAGE = YES_ERROR;
				CLANG_WARN_DOCUMENTATION_COMMENTS = YES;
				CLANG_WARN_EMPTY_BODY = YES;
				CLANG_WARN_ENUM_CONVERSION = YES;
				CLANG_WARN_INFINITE_RECURSION = YES;
				CLANG_WARN_INT_CONVERSION = YES;
				CLANG_WARN_NON_LITERAL_NULL_CONVERSION = YES;
				CLANG_WARN_OBJC_IMPLICIT_RETAIN_SELF = YES;
				CLANG_WARN_OBJC_LITERAL_CONVERSION = YES;
				CLANG_WARN_OBJC_ROOT_CLASS = YES_ERROR;
				CLANG_WARN_QUOTED_INCLUDE_IN_FRAMEWORK_HEADER = YES;
				CLANG_WARN_RANGE_LOOP_ANALYSIS = YES;
				CLANG_WARN_STRICT_PROTOTYPES = YES;
				CLANG_WARN_SUSPICIOUS_MOVE = YES;
				CLANG_WARN_UNGUARDED_AVAILABILITY = YES_AGGRESSIVE;
				CLANG_WARN_UNREACHABLE_CODE = YES;
				CLANG_WARN__DUPLICATE_METHOD_MATCH = YES;
				COPY_PHASE_STRIP = NO;
				DEBUG_INFORMATION_FORMAT = "dwarf-with-dsym";
				ENABLE_NS_ASSERTIONS = NO;
				ENABLE_STRICT_OBJC_MSGSEND = YES;
				GCC_C_LANGUAGE_STANDARD = gnu11;
				GCC_NO_COMMON_BLOCKS = YES;
				GCC_WARN_64_TO_32_BIT_CONVERSION = YES;
				GCC_WARN_ABOUT_RETURN_TYPE = YES_ERROR;
				GCC_WARN_UNDECLARED_SELECTOR = YES;
				GCC_WARN_UNINITIALIZED_AUTOS = YES_AGGRESSIVE;
				GCC_WARN_UNUSED_FUNCTION = YES;
				GCC_WARN_UNUSED_VARIABLE = YES;
				IPHONEOS_DEPLOYMENT_TARGET = 14.0;
				MTL_ENABLE_DEBUG_INFO = NO;
				MTL_FAST_MATH = YES;
				SDKROOT = iphoneos;
				SWIFT_COMPILATION_MODE = wholemodule;
				SWIFT_OPTIMIZATION_LEVEL = "-O";
				VALIDATE_PRODUCT = YES;
			};
			name = Release;
		};
		3D107D572521D6AE0088DE7E /* Debug */ = {
			isa = XCBuildConfiguration;
			buildSettings = {
				ALWAYS_EMBED_SWIFT_STANDARD_LIBRARIES = YES;
				ASSETCATALOG_COMPILER_APPICON_NAME = AppIcon;
				ASSETCATALOG_COMPILER_GLOBAL_ACCENT_COLOR_NAME = AccentColor;
				CODE_SIGN_STYLE = Automatic;
				DEVELOPMENT_ASSET_PATHS = "\"KEDapp/Preview Content\"";
				DEVELOPMENT_TEAM = T9UHPNS5GN;
				ENABLE_PREVIEWS = YES;
				INFOPLIST_FILE = KEDapp/Info.plist;
				IPHONEOS_DEPLOYMENT_TARGET = 14.0;
				LD_RUNPATH_SEARCH_PATHS = (
					"$(inherited)",
					"@executable_path/Frameworks",
				);
				PRODUCT_BUNDLE_IDENTIFIER = patricio.KEDapp;
				PRODUCT_NAME = "$(TARGET_NAME)";
				SWIFT_VERSION = 5.0;
				TARGETED_DEVICE_FAMILY = "1,2";
			};
			name = Debug;
		};
		3D107D582521D6AE0088DE7E /* Release */ = {
			isa = XCBuildConfiguration;
			buildSettings = {
				ALWAYS_EMBED_SWIFT_STANDARD_LIBRARIES = YES;
				ASSETCATALOG_COMPILER_APPICON_NAME = AppIcon;
				ASSETCATALOG_COMPILER_GLOBAL_ACCENT_COLOR_NAME = AccentColor;
				CODE_SIGN_STYLE = Automatic;
				DEVELOPMENT_ASSET_PATHS = "\"KEDapp/Preview Content\"";
				DEVELOPMENT_TEAM = T9UHPNS5GN;
				ENABLE_PREVIEWS = YES;
				INFOPLIST_FILE = KEDapp/Info.plist;
				IPHONEOS_DEPLOYMENT_TARGET = 14.0;
				LD_RUNPATH_SEARCH_PATHS = (
					"$(inherited)",
					"@executable_path/Frameworks",
				);
				PRODUCT_BUNDLE_IDENTIFIER = patricio.KEDapp;
				PRODUCT_NAME = "$(TARGET_NAME)";
				SWIFT_VERSION = 5.0;
				TARGETED_DEVICE_FAMILY = "1,2";
			};
			name = Release;
		};
		3D107D6E2521D88A0088DE7E /* Debug */ = {
			isa = XCBuildConfiguration;
			buildSettings = {
				ASSETCATALOG_COMPILER_GLOBAL_ACCENT_COLOR_NAME = AccentColor;
				ASSETCATALOG_COMPILER_WIDGET_BACKGROUND_COLOR_NAME = WidgetBackground;
				CODE_SIGN_STYLE = Automatic;
				DEVELOPMENT_TEAM = T9UHPNS5GN;
				INFOPLIST_FILE = superWidget/Info.plist;
				LD_RUNPATH_SEARCH_PATHS = (
					"$(inherited)",
					"@executable_path/Frameworks",
					"@executable_path/../../Frameworks",
				);
				PRODUCT_BUNDLE_IDENTIFIER = patricio.KEDapp.superWidget;
				PRODUCT_NAME = "$(TARGET_NAME)";
				SKIP_INSTALL = YES;
				SWIFT_VERSION = 5.0;
				TARGETED_DEVICE_FAMILY = "1,2";
			};
			name = Debug;
		};
		3D107D6F2521D88A0088DE7E /* Release */ = {
			isa = XCBuildConfiguration;
			buildSettings = {
				ASSETCATALOG_COMPILER_GLOBAL_ACCENT_COLOR_NAME = AccentColor;
				ASSETCATALOG_COMPILER_WIDGET_BACKGROUND_COLOR_NAME = WidgetBackground;
				CODE_SIGN_STYLE = Automatic;
				DEVELOPMENT_TEAM = T9UHPNS5GN;
				INFOPLIST_FILE = superWidget/Info.plist;
				LD_RUNPATH_SEARCH_PATHS = (
					"$(inherited)",
					"@executable_path/Frameworks",
					"@executable_path/../../Frameworks",
				);
				PRODUCT_BUNDLE_IDENTIFIER = patricio.KEDapp.superWidget;
				PRODUCT_NAME = "$(TARGET_NAME)";
				SKIP_INSTALL = YES;
				SWIFT_VERSION = 5.0;
				TARGETED_DEVICE_FAMILY = "1,2";
			};
			name = Release;
		};
/* End XCBuildConfiguration section */

/* Begin XCConfigurationList section */
		3D107D422521D6AC0088DE7E /* Build configuration list for PBXProject "KEDapp" */ = {
			isa = XCConfigurationList;
			buildConfigurations = (
				3D107D542521D6AE0088DE7E /* Debug */,
				3D107D552521D6AE0088DE7E /* Release */,
			);
			defaultConfigurationIsVisible = 0;
			defaultConfigurationName = Release;
		};
		3D107D562521D6AE0088DE7E /* Build configuration list for PBXNativeTarget "KEDapp" */ = {
			isa = XCConfigurationList;
			buildConfigurations = (
				3D107D572521D6AE0088DE7E /* Debug */,
				3D107D582521D6AE0088DE7E /* Release */,
			);
			defaultConfigurationIsVisible = 0;
			defaultConfigurationName = Release;
		};
		3D107D6D2521D88A0088DE7E /* Build configuration list for PBXNativeTarget "superWidgetExtension" */ = {
			isa = XCConfigurationList;
			buildConfigurations = (
				3D107D6E2521D88A0088DE7E /* Debug */,
				3D107D6F2521D88A0088DE7E /* Release */,
			);
			defaultConfigurationIsVisible = 0;
			defaultConfigurationName = Release;
		};
/* End XCConfigurationList section */
	};
	rootObject = 3D107D3F2521D6AC0088DE7E /* Project object */;
}
